
Microsoft Visual Studio Solution File, Format Version 12.00
# Visual Studio Version 16
VisualStudioVersion = 16.0.30011.22
MinimumVisualStudioVersion = 10.0.40219.1
Project("{FAE04EC0-301F-11D3-BF4B-00C04F79EFBC}") = "eventhub-receive", "eventhub-receive\eventhub-receive.csproj", "{77BEF663-19DB-4FE2-BC2E-E0D7EF1C5BBC}"
EndProject
Global
	GlobalSection(SolutionConfigurationPlatforms) = preSolution
		Debug|Any CPU = Debug|Any CPU
		Release|Any CPU = Release|Any CPU
	EndGlobalSection
	GlobalSection(ProjectConfigurationPlatforms) = postSolution
		{77BEF663-19DB-4FE2-BC2E-E0D7EF1C5BBC}.Debug|Any CPU.ActiveCfg = Debug|Any CPU
		{77BEF663-19DB-4FE2-BC2E-E0D7EF1C5BBC}.Debug|Any CPU.Build.0 = Debug|Any CPU
		{77BEF663-19DB-4FE2-BC2E-E0D7EF1C5BBC}.Release|Any CPU.ActiveCfg = Release|Any CPU
		{77BEF663-19DB-4FE2-BC2E-E0D7EF1C5BBC}.Release|Any CPU.Build.0 = Release|Any CPU
	EndGlobalSection
	GlobalSection(SolutionProperties) = preSolution
		HideSolutionNode = FALSE
	EndGlobalSection
	GlobalSection(ExtensibilityGlobals) = postSolution
		SolutionGuid = {88001C77-A76C-41D5-B25C-CAE53FE8A0AE}
	EndGlobalSection
EndGlobal
