
Microsoft Visual Studio Solution File, Format Version 12.00
# Visual Studio Version 16
VisualStudioVersion = 16.0.29102.190
MinimumVisualStudioVersion = 10.0.40219.1
Project("{FAE04EC0-301F-11D3-BF4B-00C04F79EFBC}") = "AzureCache", "AzureCache\AzureCache.csproj", "{992B7041-05FC-4C95-B626-0E8A4BD198BE}"
EndProject
Global
	GlobalSection(SolutionConfigurationPlatforms) = preSolution
		Debug|Any CPU = Debug|Any CPU
		Release|Any CPU = Release|Any CPU
	EndGlobalSection
	GlobalSection(ProjectConfigurationPlatforms) = postSolution
		{992B7041-05FC-4C95-B626-0E8A4BD198BE}.Debug|Any CPU.ActiveCfg = Debug|Any CPU
		{992B7041-05FC-4C95-B626-0E8A4BD198BE}.Debug|Any CPU.Build.0 = Debug|Any CPU
		{992B7041-05FC-4C95-B626-0E8A4BD198BE}.Release|Any CPU.ActiveCfg = Release|Any CPU
		{992B7041-05FC-4C95-B626-0E8A4BD198BE}.Release|Any CPU.Build.0 = Release|Any CPU
	EndGlobalSection
	GlobalSection(SolutionProperties) = preSolution
		HideSolutionNode = FALSE
	EndGlobalSection
	GlobalSection(ExtensibilityGlobals) = postSolution
		SolutionGuid = {5BDF0F3E-BABB-4145-BCBC-43DC6118E5E8}
	EndGlobalSection
EndGlobal
