
Microsoft Visual Studio Solution File, Format Version 12.00
# Visual Studio Version 16
VisualStudioVersion = 16.0.30011.22
MinimumVisualStudioVersion = 10.0.40219.1
Project("{FAE04EC0-301F-11D3-BF4B-00C04F79EFBC}") = "eventhubs-send", "eventhubs-send\eventhubs-send.csproj", "{829FC351-C086-44C2-A567-E71702BAD7F5}"
EndProject
Global
	GlobalSection(SolutionConfigurationPlatforms) = preSolution
		Debug|Any CPU = Debug|Any CPU
		Release|Any CPU = Release|Any CPU
	EndGlobalSection
	GlobalSection(ProjectConfigurationPlatforms) = postSolution
		{829FC351-C086-44C2-A567-E71702BAD7F5}.Debug|Any CPU.ActiveCfg = Debug|Any CPU
		{829FC351-C086-44C2-A567-E71702BAD7F5}.Debug|Any CPU.Build.0 = Debug|Any CPU
		{829FC351-C086-44C2-A567-E71702BAD7F5}.Release|Any CPU.ActiveCfg = Release|Any CPU
		{829FC351-C086-44C2-A567-E71702BAD7F5}.Release|Any CPU.Build.0 = Release|Any CPU
	EndGlobalSection
	GlobalSection(SolutionProperties) = preSolution
		HideSolutionNode = FALSE
	EndGlobalSection
	GlobalSection(ExtensibilityGlobals) = postSolution
		SolutionGuid = {4182EE0D-4A7B-4F27-9A19-B6E7501A8B72}
	EndGlobalSection
EndGlobal
